
Microsoft Visual Studio Solution File, Format Version 12.00
# Visual Studio Version 17
VisualStudioVersion = 17.8.34316.72
MinimumVisualStudioVersion = 10.0.40219.1
Project("{FAE04EC0-301F-11D3-BF4B-00C04F79EFBC}") = "Todo", "Todo\Todo.csproj", "{14DC5414-D370-49C0-9699-BB9BBA1B5698}"
EndProject
Project("{2150E333-8FDC-42A3-9474-1A3956D46DE8}") = "Solution Items", "Solution Items", "{31D5375A-07DC-4AEC-A6BE-BCE574627284}"
	ProjectSection(SolutionItems) = preProject
		docker-compose.yml = docker-compose.yml
		README.md = README.md
	EndProjectSection
EndProject
Global
	GlobalSection(SolutionConfigurationPlatforms) = preSolution
		Debug|Any CPU = Debug|Any CPU
		Release|Any CPU = Release|Any CPU
	EndGlobalSection
	GlobalSection(ProjectConfigurationPlatforms) = postSolution
		{14DC5414-D370-49C0-9699-BB9BBA1B5698}.Debug|Any CPU.ActiveCfg = Debug|Any CPU
		{14DC5414-D370-49C0-9699-BB9BBA1B5698}.Debug|Any CPU.Build.0 = Debug|Any CPU
		{14DC5414-D370-49C0-9699-BB9BBA1B5698}.Release|Any CPU.ActiveCfg = Release|Any CPU
		{14DC5414-D370-49C0-9699-BB9BBA1B5698}.Release|Any CPU.Build.0 = Release|Any CPU
	EndGlobalSection
	GlobalSection(SolutionProperties) = preSolution
		HideSolutionNode = FALSE
	EndGlobalSection
	GlobalSection(ExtensibilityGlobals) = postSolution
		SolutionGuid = {417B7B7E-720D-45DE-89CD-B2EF1E384402}
	EndGlobalSection
EndGlobal
